// !$*UTF8*$!
{
	archiveVersion = 1;
	classes = {
	};
	objectVersion = 50;
	objects = {

/* Begin PBXBuildFile section */
		5D05FEA820B65B6900D57D32 /* AppDelegate.swift in Sources */ = {isa = PBXBuildFile; fileRef = 5D05FEA720B65B6900D57D32 /* AppDelegate.swift */; };
		5D05FEAA20B65B6900D57D32 /* ViewController.swift in Sources */ = {isa = PBXBuildFile; fileRef = 5D05FEA920B65B6900D57D32 /* ViewController.swift */; };
		5D05FEAC20B65B6B00D57D32 /* Assets.xcassets in Resources */ = {isa = PBXBuildFile; fileRef = 5D05FEAB20B65B6B00D57D32 /* Assets.xcassets */; };
		5D05FEAF20B65B6B00D57D32 /* Main.storyboard in Resources */ = {isa = PBXBuildFile; fileRef = 5D05FEAD20B65B6B00D57D32 /* Main.storyboard */; };
		5D05FEB820B65B9C00D57D32 /* PlotThings.swift in Sources */ = {isa = PBXBuildFile; fileRef = 5D05FEB720B65B9C00D57D32 /* PlotThings.swift */; };
/* End PBXBuildFile section */

/* Begin PBXFileReference section */
		5D05FEA420B65B6900D57D32 /* LinePlot.app */ = {isa = PBXFileReference; explicitFileType = wrapper.application; includeInIndex = 0; path = LinePlot.app; sourceTree = BUILT_PRODUCTS_DIR; };
		5D05FEA720B65B6900D57D32 /* AppDelegate.swift */ = {isa = PBXFileReference; lastKnownFileType = sourcecode.swift; path = AppDelegate.swift; sourceTree = "<group>"; };
		5D05FEA920B65B6900D57D32 /* ViewController.swift */ = {isa = PBXFileReference; lastKnownFileType = sourcecode.swift; path = ViewController.swift; sourceTree = "<group>"; };
		5D05FEAB20B65B6B00D57D32 /* Assets.xcassets */ = {isa = PBXFileReference; lastKnownFileType = folder.assetcatalog; path = Assets.xcassets; sourceTree = "<group>"; };
		5D05FEAE20B65B6B00D57D32 /* Base */ = {isa = PBXFileReference; lastKnownFileType = file.storyboard; name = Base; path = Base.lproj/Main.storyboard; sourceTree = "<group>"; };
		5D05FEB020B65B6B00D57D32 /* Info.plist */ = {isa = PBXFileReference; lastKnownFileType = text.plist.xml; path = Info.plist; sourceTree = "<group>"; };
		5D05FEB120B65B6B00D57D32 /* LinePlot.entitlements */ = {isa = PBXFileReference; lastKnownFileType = text.plist.entitlements; path = LinePlot.entitlements; sourceTree = "<group>"; };
		5D05FEB720B65B9C00D57D32 /* PlotThings.swift */ = {isa = PBXFileReference; lastKnownFileType = sourcecode.swift; path = PlotThings.swift; sourceTree = "<group>"; };
/* End PBXFileReference section */

/* Begin PBXFrameworksBuildPhase section */
		5D05FEA120B65B6900D57D32 /* Frameworks */ = {
			isa = PBXFrameworksBuildPhase;
			buildActionMask = 2147483647;
			files = (
			);
			runOnlyForDeploymentPostprocessing = 0;
		};
/* End PBXFrameworksBuildPhase section */

/* Begin PBXGroup section */
		5D05FE9B20B65B6900D57D32 = {
			isa = PBXGroup;
			children = (
				5D05FEB720B65B9C00D57D32 /* PlotThings.swift */,
				5D05FEA620B65B6900D57D32 /* LinePlot */,
				5D05FEA520B65B6900D57D32 /* Products */,
			);
			sourceTree = "<group>";
		};
		5D05FEA520B65B6900D57D32 /* Products */ = {
			isa = PBXGroup;
			children = (
				5D05FEA420B65B6900D57D32 /* LinePlot.app */,
			);
			name = Products;
			sourceTree = "<group>";
		};
		5D05FEA620B65B6900D57D32 /* LinePlot */ = {
			isa = PBXGroup;
			children = (
				5D05FEA720B65B6900D57D32 /* AppDelegate.swift */,
				5D05FEA920B65B6900D57D32 /* ViewController.swift */,
				5D05FEAB20B65B6B00D57D32 /* Assets.xcassets */,
				5D05FEAD20B65B6B00D57D32 /* Main.storyboard */,
				5D05FEB020B65B6B00D57D32 /* Info.plist */,
				5D05FEB120B65B6B00D57D32 /* LinePlot.entitlements */,
			);
			path = LinePlot;
			sourceTree = "<group>";
		};
/* End PBXGroup section */

/* Begin PBXNativeTarget section */
		5D05FEA320B65B6900D57D32 /* LinePlot */ = {
			isa = PBXNativeTarget;
			buildConfigurationList = 5D05FEB420B65B6B00D57D32 /* Build configuration list for PBXNativeTarget "LinePlot" */;
			buildPhases = (
				5D05FEA020B65B6900D57D32 /* Sources */,
				5D05FEA120B65B6900D57D32 /* Frameworks */,
				5D05FEA220B65B6900D57D32 /* Resources */,
			);
			buildRules = (
			);
			dependencies = (
			);
			name = LinePlot;
			productName = LinePlot;
			productReference = 5D05FEA420B65B6900D57D32 /* LinePlot.app */;
			productType = "com.apple.product-type.application";
		};
/* End PBXNativeTarget section */

/* Begin PBXProject section */
		5D05FE9C20B65B6900D57D32 /* Project object */ = {
			isa = PBXProject;
			attributes = {
				LastSwiftUpdateCheck = 0930;
				LastUpgradeCheck = 0930;
				ORGANIZATIONNAME = "Seth Bromberger";
				TargetAttributes = {
					5D05FEA320B65B6900D57D32 = {
						CreatedOnToolsVersion = 9.3.1;
					};
				};
			};
			buildConfigurationList = 5D05FE9F20B65B6900D57D32 /* Build configuration list for PBXProject "LinePlot" */;
			compatibilityVersion = "Xcode 9.3";
			developmentRegion = en;
			hasScannedForEncodings = 0;
			knownRegions = (
				en,
				Base,
			);
			mainGroup = 5D05FE9B20B65B6900D57D32;
			productRefGroup = 5D05FEA520B65B6900D57D32 /* Products */;
			projectDirPath = "";
			projectRoot = "";
			targets = (
				5D05FEA320B65B6900D57D32 /* LinePlot */,
			);
		};
/* End PBXProject section */

/* Begin PBXResourcesBuildPhase section */
		5D05FEA220B65B6900D57D32 /* Resources */ = {
			isa = PBXResourcesBuildPhase;
			buildActionMask = 2147483647;
			files = (
				5D05FEAC20B65B6B00D57D32 /* Assets.xcassets in Resources */,
				5D05FEAF20B65B6B00D57D32 /* Main.storyboard in Resources */,
			);
			runOnlyForDeploymentPostprocessing = 0;
		};
/* End PBXResourcesBuildPhase section */

/* Begin PBXSourcesBuildPhase section */
		5D05FEA020B65B6900D57D32 /* Sources */ = {
			isa = PBXSourcesBuildPhase;
			buildActionMask = 2147483647;
			files = (
				5D05FEB820B65B9C00D57D32 /* PlotThings.swift in Sources */,
				5D05FEAA20B65B6900D57D32 /* ViewController.swift in Sources */,
				5D05FEA820B65B6900D57D32 /* AppDelegate.swift in Sources */,
			);
			runOnlyForDeploymentPostprocessing = 0;
		};
/* End PBXSourcesBuildPhase section */

/* Begin PBXVariantGroup section */
		5D05FEAD20B65B6B00D57D32 /* Main.storyboard */ = {
			isa = PBXVariantGroup;
			children = (
				5D05FEAE20B65B6B00D57D32 /* Base */,
			);
			name = Main.storyboard;
			sourceTree = "<group>";
		};
/* End PBXVariantGroup section */

/* Begin XCBuildConfiguration section */
		5D05FEB220B65B6B00D57D32 /* Debug */ = {
			isa = XCBuildConfiguration;
			buildSettings = {
				ALWAYS_SEARCH_USER_PATHS = NO;
				CLANG_ANALYZER_NONNULL = YES;
				CLANG_ANALYZER_NUMBER_OBJECT_CONVERSION = YES_AGGRESSIVE;
				CLANG_CXX_LANGUAGE_STANDARD = "gnu++14";
				CLANG_CXX_LIBRARY = "libc++";
				CLANG_ENABLE_MODULES = YES;
				CLANG_ENABLE_OBJC_ARC = YES;
				CLANG_ENABLE_OBJC_WEAK = YES;
				CLANG_WARN_BLOCK_CAPTURE_AUTORELEASING = YES;
				CLANG_WARN_BOOL_CONVERSION = YES;
				CLANG_WARN_COMMA = YES;
				CLANG_WARN_CONSTANT_CONVERSION = YES;
				CLANG_WARN_DEPRECATED_OBJC_IMPLEMENTATIONS = YES;
				CLANG_WARN_DIRECT_OBJC_ISA_USAGE = YES_ERROR;
				CLANG_WARN_DOCUMENTATION_COMMENTS = YES;
				CLANG_WARN_EMPTY_BODY = YES;
				CLANG_WARN_ENUM_CONVERSION = YES;
				CLANG_WARN_INFINITE_RECURSION = YES;
				CLANG_WARN_INT_CONVERSION = YES;
				CLANG_WARN_NON_LITERAL_NULL_CONVERSION = YES;
				CLANG_WARN_OBJC_IMPLICIT_RETAIN_SELF = YES;
				CLANG_WARN_OBJC_LITERAL_CONVERSION = YES;
				CLANG_WARN_OBJC_ROOT_CLASS = YES_ERROR;
				CLANG_WARN_RANGE_LOOP_ANALYSIS = YES;
				CLANG_WARN_STRICT_PROTOTYPES = YES;
				CLANG_WARN_SUSPICIOUS_MOVE = YES;
				CLANG_WARN_UNGUARDED_AVAILABILITY = YES_AGGRESSIVE;
				CLANG_WARN_UNREACHABLE_CODE = YES;
				CLANG_WARN__DUPLICATE_METHOD_MATCH = YES;
				CODE_SIGN_IDENTITY = "-";
				COPY_PHASE_STRIP = NO;
				DEBUG_INFORMATION_FORMAT = dwarf;
				ENABLE_STRICT_OBJC_MSGSEND = YES;
				ENABLE_TESTABILITY = YES;
				GCC_C_LANGUAGE_STANDARD = gnu11;
				GCC_DYNAMIC_NO_PIC = NO;
				GCC_NO_COMMON_BLOCKS = YES;
				GCC_OPTIMIZATION_LEVEL = 0;
				GCC_PREPROCESSOR_DEFINITIONS = (
					"DEBUG=1",
					"$(inherited)",
				);
				GCC_WARN_64_TO_32_BIT_CONVERSION = YES;
				GCC_WARN_ABOUT_RETURN_TYPE = YES_ERROR;
				GCC_WARN_UNDECLARED_SELECTOR = YES;
				GCC_WARN_UNINITIALIZED_AUTOS = YES_AGGRESSIVE;
				GCC_WARN_UNUSED_FUNCTION = YES;
				GCC_WARN_UNUSED_VARIABLE = YES;
				MACOSX_DEPLOYMENT_TARGET = 10.13;
				MTL_ENABLE_DEBUG_INFO = YES;
				ONLY_ACTIVE_ARCH = YES;
				SDKROOT = macosx;
				SWIFT_ACTIVE_COMPILATION_CONDITIONS = DEBUG;
				SWIFT_OPTIMIZATION_LEVEL = "-Onone";
			};
			name = Debug;
		};
		5D05FEB320B65B6B00D57D32 /* Release */ = {
			isa = XCBuildConfiguration;
			buildSettings = {
				ALWAYS_SEARCH_USER_PATHS = NO;
				CLANG_ANALYZER_NONNULL = YES;
				CLANG_ANALYZER_NUMBER_OBJECT_CONVERSION = YES_AGGRESSIVE;
				CLANG_CXX_LANGUAGE_STANDARD = "gnu++14";
				CLANG_CXX_LIBRARY = "libc++";
				CLANG_ENABLE_MODULES = YES;
				CLANG_ENABLE_OBJC_ARC = YES;
				CLANG_ENABLE_OBJC_WEAK = YES;
				CLANG_WARN_BLOCK_CAPTURE_AUTORELEASING = YES;
				CLANG_WARN_BOOL_CONVERSION = YES;
				CLANG_WARN_COMMA = YES;
				CLANG_WARN_CONSTANT_CONVERSION = YES;
				CLANG_WARN_DEPRECATED_OBJC_IMPLEMENTATIONS = YES;
				CLANG_WARN_DIRECT_OBJC_ISA_USAGE = YES_ERROR;
				CLANG_WARN_DOCUMENTATION_COMMENTS = YES;
				CLANG_WARN_EMPTY_BODY = YES;
				CLANG_WARN_ENUM_CONVERSION = YES;
				CLANG_WARN_INFINITE_RECURSION = YES;
				CLANG_WARN_INT_CONVERSION = YES;
				CLANG_WARN_NON_LITERAL_NULL_CONVERSION = YES;
				CLANG_WARN_OBJC_IMPLICIT_RETAIN_SELF = YES;
				CLANG_WARN_OBJC_LITERAL_CONVERSION = YES;
				CLANG_WARN_OBJC_ROOT_CLASS = YES_ERROR;
				CLANG_WARN_RANGE_LOOP_ANALYSIS = YES;
				CLANG_WARN_STRICT_PROTOTYPES = YES;
				CLANG_WARN_SUSPICIOUS_MOVE = YES;
				CLANG_WARN_UNGUARDED_AVAILABILITY = YES_AGGRESSIVE;
				CLANG_WARN_UNREACHABLE_CODE = YES;
				CLANG_WARN__DUPLICATE_METHOD_MATCH = YES;
				CODE_SIGN_IDENTITY = "-";
				COPY_PHASE_STRIP = NO;
				DEBUG_INFORMATION_FORMAT = "dwarf-with-dsym";
				ENABLE_NS_ASSERTIONS = NO;
				ENABLE_STRICT_OBJC_MSGSEND = YES;
				GCC_C_LANGUAGE_STANDARD = gnu11;
				GCC_NO_COMMON_BLOCKS = YES;
				GCC_WARN_64_TO_32_BIT_CONVERSION = YES;
				GCC_WARN_ABOUT_RETURN_TYPE = YES_ERROR;
				GCC_WARN_UNDECLARED_SELECTOR = YES;
				GCC_WARN_UNINITIALIZED_AUTOS = YES_AGGRESSIVE;
				GCC_WARN_UNUSED_FUNCTION = YES;
				GCC_WARN_UNUSED_VARIABLE = YES;
				MACOSX_DEPLOYMENT_TARGET = 10.13;
				MTL_ENABLE_DEBUG_INFO = NO;
				SDKROOT = macosx;
				SWIFT_COMPILATION_MODE = wholemodule;
				SWIFT_OPTIMIZATION_LEVEL = "-O";
			};
			name = Release;
		};
		5D05FEB520B65B6B00D57D32 /* Debug */ = {
			isa = XCBuildConfiguration;
			buildSettings = {
				ASSETCATALOG_COMPILER_APPICON_NAME = AppIcon;
				CODE_SIGN_ENTITLEMENTS = LinePlot/LinePlot.entitlements;
				CODE_SIGN_STYLE = Automatic;
				COMBINE_HIDPI_IMAGES = YES;
				INFOPLIST_FILE = LinePlot/Info.plist;
				LD_RUNPATH_SEARCH_PATHS = (
					"$(inherited)",
					"@executable_path/../Frameworks",
				);
				PRODUCT_BUNDLE_IDENTIFIER = com.bromberger.LinePlot;
				PRODUCT_NAME = "$(TARGET_NAME)";
				SWIFT_VERSION = 4.0;
			};
			name = Debug;
		};
		5D05FEB620B65B6B00D57D32 /* Release */ = {
			isa = XCBuildConfiguration;
			buildSettings = {
				ASSETCATALOG_COMPILER_APPICON_NAME = AppIcon;
				CODE_SIGN_ENTITLEMENTS = LinePlot/LinePlot.entitlements;
				CODE_SIGN_STYLE = Automatic;
				COMBINE_HIDPI_IMAGES = YES;
				INFOPLIST_FILE = LinePlot/Info.plist;
				LD_RUNPATH_SEARCH_PATHS = (
					"$(inherited)",
					"@executable_path/../Frameworks",
				);
				PRODUCT_BUNDLE_IDENTIFIER = com.bromberger.LinePlot;
				PRODUCT_NAME = "$(TARGET_NAME)";
				SWIFT_VERSION = 4.0;
			};
			name = Release;
		};
/* End XCBuildConfiguration section */

/* Begin XCConfigurationList section */
		5D05FE9F20B65B6900D57D32 /* Build configuration list for PBXProject "LinePlot" */ = {
			isa = XCConfigurationList;
			buildConfigurations = (
				5D05FEB220B65B6B00D57D32 /* Debug */,
				5D05FEB320B65B6B00D57D32 /* Release */,
			);
			defaultConfigurationIsVisible = 0;
			defaultConfigurationName = Release;
		};
		5D05FEB420B65B6B00D57D32 /* Build configuration list for PBXNativeTarget "LinePlot" */ = {
			isa = XCConfigurationList;
			buildConfigurations = (
				5D05FEB520B65B6B00D57D32 /* Debug */,
				5D05FEB620B65B6B00D57D32 /* Release */,
			);
			defaultConfigurationIsVisible = 0;
			defaultConfigurationName = Release;
		};
/* End XCConfigurationList section */
	};
	rootObject = 5D05FE9C20B65B6900D57D32 /* Project object */;
}
